Microsoft Visual Studio Solution File, Format Version 12.00
# Visual Studio Version 17
VisualStudioVersion = 17.5.2.0
MinimumVisualStudioVersion = 10.0.40219.1
Project("{FAE04EC0-301F-11D3-BF4B-00C04F79EFBC}") = "graf", "Graph\graf.csproj", "{69BFF126-1FBD-8F38-3F03-8BF6268ACB25}"
EndProject
Global
	GlobalSection(SolutionConfigurationPlatforms) = preSolution
		Debug|Any CPU = Debug|Any CPU
		Release|Any CPU = Release|Any CPU
	EndGlobalSection
	GlobalSection(ProjectConfigurationPlatforms) = postSolution
		{69BFF126-1FBD-8F38-3F03-8BF6268ACB25}.Debug|Any CPU.ActiveCfg = Debug|Any CPU
		{69BFF126-1FBD-8F38-3F03-8BF6268ACB25}.Debug|Any CPU.Build.0 = Debug|Any CPU
		{69BFF126-1FBD-8F38-3F03-8BF6268ACB25}.Release|Any CPU.ActiveCfg = Release|Any CPU
		{69BFF126-1FBD-8F38-3F03-8BF6268ACB25}.Release|Any CPU.Build.0 = Release|Any CPU
	EndGlobalSection
	GlobalSection(SolutionProperties) = preSolution
		HideSolutionNode = FALSE
	EndGlobalSection
	GlobalSection(ExtensibilityGlobals) = postSolution
		SolutionGuid = {565CEA04-73B5-4779-B42D-DC9774ACB934}
	EndGlobalSection
EndGlobal
