Microsoft Visual Studio Solution File, Format Version 12.00
# Visual Studio Version 17
VisualStudioVersion = 17.5.2.0
MinimumVisualStudioVersion = 10.0.40219.1
Project("{FAE04EC0-301F-11D3-BF4B-00C04F79EFBC}") = "review1", "review1\review1.csproj", "{F15ECCA2-E468-DDCE-ED26-6072F9F9A0C9}"
EndProject
Global
	GlobalSection(SolutionConfigurationPlatforms) = preSolution
		Debug|Any CPU = Debug|Any CPU
		Release|Any CPU = Release|Any CPU
	EndGlobalSection
	GlobalSection(ProjectConfigurationPlatforms) = postSolution
		{F15ECCA2-E468-DDCE-ED26-6072F9F9A0C9}.Debug|Any CPU.ActiveCfg = Debug|Any CPU
		{F15ECCA2-E468-DDCE-ED26-6072F9F9A0C9}.Debug|Any CPU.Build.0 = Debug|Any CPU
		{F15ECCA2-E468-DDCE-ED26-6072F9F9A0C9}.Release|Any CPU.ActiveCfg = Release|Any CPU
		{F15ECCA2-E468-DDCE-ED26-6072F9F9A0C9}.Release|Any CPU.Build.0 = Release|Any CPU
	EndGlobalSection
	GlobalSection(SolutionProperties) = preSolution
		HideSolutionNode = FALSE
	EndGlobalSection
	GlobalSection(ExtensibilityGlobals) = postSolution
		SolutionGuid = {4511704E-A7EE-4FF3-86A0-DFC1EB77C8DF}
	EndGlobalSection
EndGlobal
