Microsoft Visual Studio Solution File, Format Version 12.00
# Visual Studio Version 17
VisualStudioVersion = 17.5.2.0
MinimumVisualStudioVersion = 10.0.40219.1
Project("{FAE04EC0-301F-11D3-BF4B-00C04F79EFBC}") = "BST", "BST\BST.csproj", "{9C65E71C-FE2D-5443-9144-D37ADAF79015}"
EndProject
Global
	GlobalSection(SolutionConfigurationPlatforms) = preSolution
		Debug|Any CPU = Debug|Any CPU
		Release|Any CPU = Release|Any CPU
	EndGlobalSection
	GlobalSection(ProjectConfigurationPlatforms) = postSolution
		{9C65E71C-FE2D-5443-9144-D37ADAF79015}.Debug|Any CPU.ActiveCfg = Debug|Any CPU
		{9C65E71C-FE2D-5443-9144-D37ADAF79015}.Debug|Any CPU.Build.0 = Debug|Any CPU
		{9C65E71C-FE2D-5443-9144-D37ADAF79015}.Release|Any CPU.ActiveCfg = Release|Any CPU
		{9C65E71C-FE2D-5443-9144-D37ADAF79015}.Release|Any CPU.Build.0 = Release|Any CPU
	EndGlobalSection
	GlobalSection(SolutionProperties) = preSolution
		HideSolutionNode = FALSE
	EndGlobalSection
	GlobalSection(ExtensibilityGlobals) = postSolution
		SolutionGuid = {2C1948B9-6A14-4453-B967-64F3CE941BD9}
	EndGlobalSection
EndGlobal
